
Microsoft Visual Studio Solution File, Format Version 12.00
# Visual Studio Version 17
VisualStudioVersion = 17.14.36429.23 d17.14
MinimumVisualStudioVersion = 10.0.40219.1
Project("{FAE04EC0-301F-11D3-BF4B-00C04F79EFBC}") = "desafio2_ahorcados", "desafio2_ahorcados\desafio2_ahorcados.csproj", "{1C1F764F-3F70-4369-AC79-54AC177A8B2C}"
EndProject
Global
	GlobalSection(SolutionConfigurationPlatforms) = preSolution
		Debug|Any CPU = Debug|Any CPU
		Release|Any CPU = Release|Any CPU
	EndGlobalSection
	GlobalSection(ProjectConfigurationPlatforms) = postSolution
		{1C1F764F-3F70-4369-AC79-54AC177A8B2C}.Debug|Any CPU.ActiveCfg = Debug|Any CPU
		{1C1F764F-3F70-4369-AC79-54AC177A8B2C}.Debug|Any CPU.Build.0 = Debug|Any CPU
		{1C1F764F-3F70-4369-AC79-54AC177A8B2C}.Release|Any CPU.ActiveCfg = Release|Any CPU
		{1C1F764F-3F70-4369-AC79-54AC177A8B2C}.Release|Any CPU.Build.0 = Release|Any CPU
	EndGlobalSection
	GlobalSection(SolutionProperties) = preSolution
		HideSolutionNode = FALSE
	EndGlobalSection
	GlobalSection(ExtensibilityGlobals) = postSolution
		SolutionGuid = {BDCC8496-7757-4E36-8FFC-7FDF9B98EB41}
	EndGlobalSection
EndGlobal
